
Microsoft Visual Studio Solution File, Format Version 12.00
# Visual Studio 15
VisualStudioVersion = 15.0.27703.2026
MinimumVisualStudioVersion = 10.0.40219.1
Project("{FAE04EC0-301F-11D3-BF4B-00C04F79EFBC}") = "LendingLibraryExample", "LendingLibraryExample\LendingLibraryExample.csproj", "{BDC18F85-E1E3-4A0A-8AE4-8866FE83854D}"
EndProject
Global
	GlobalSection(SolutionConfigurationPlatforms) = preSolution
		Debug|Any CPU = Debug|Any CPU
		Release|Any CPU = Release|Any CPU
	EndGlobalSection
	GlobalSection(ProjectConfigurationPlatforms) = postSolution
		{BDC18F85-E1E3-4A0A-8AE4-8866FE83854D}.Debug|Any CPU.ActiveCfg = Debug|Any CPU
		{BDC18F85-E1E3-4A0A-8AE4-8866FE83854D}.Debug|Any CPU.Build.0 = Debug|Any CPU
		{BDC18F85-E1E3-4A0A-8AE4-8866FE83854D}.Release|Any CPU.ActiveCfg = Release|Any CPU
		{BDC18F85-E1E3-4A0A-8AE4-8866FE83854D}.Release|Any CPU.Build.0 = Release|Any CPU
	EndGlobalSection
	GlobalSection(SolutionProperties) = preSolution
		HideSolutionNode = FALSE
	EndGlobalSection
	GlobalSection(ExtensibilityGlobals) = postSolution
		SolutionGuid = {F8A23D84-7A9F-47E6-9489-E422F7752B3C}
	EndGlobalSection
EndGlobal
