
Microsoft Visual Studio Solution File, Format Version 12.00
# Visual Studio 15
VisualStudioVersion = 15.0.27703.2000
MinimumVisualStudioVersion = 10.0.40219.1
Project("{FAE04EC0-301F-11D3-BF4B-00C04F79EFBC}") = "Class03Demo", "Class03Demo\Class03Demo.csproj", "{7581569F-4BC5-412A-B39B-D5145A493975}"
EndProject
Global
	GlobalSection(SolutionConfigurationPlatforms) = preSolution
		Debug|Any CPU = Debug|Any CPU
		Release|Any CPU = Release|Any CPU
	EndGlobalSection
	GlobalSection(ProjectConfigurationPlatforms) = postSolution
		{7581569F-4BC5-412A-B39B-D5145A493975}.Debug|Any CPU.ActiveCfg = Debug|Any CPU
		{7581569F-4BC5-412A-B39B-D5145A493975}.Debug|Any CPU.Build.0 = Debug|Any CPU
		{7581569F-4BC5-412A-B39B-D5145A493975}.Release|Any CPU.ActiveCfg = Release|Any CPU
		{7581569F-4BC5-412A-B39B-D5145A493975}.Release|Any CPU.Build.0 = Release|Any CPU
	EndGlobalSection
	GlobalSection(SolutionProperties) = preSolution
		HideSolutionNode = FALSE
	EndGlobalSection
	GlobalSection(ExtensibilityGlobals) = postSolution
		SolutionGuid = {39F17497-DD70-4417-8D87-193675C41797}
	EndGlobalSection
EndGlobal
