
Microsoft Visual Studio Solution File, Format Version 12.00
# Visual Studio 15
VisualStudioVersion = 15.0.27703.2000
MinimumVisualStudioVersion = 10.0.40219.1
Project("{FAE04EC0-301F-11D3-BF4B-00C04F79EFBC}") = "Class02Demo", "Class02Demo\Class02Demo.csproj", "{EA5F8D0B-1DA9-4962-97C2-4A7BE20FC3D1}"
EndProject
Global
	GlobalSection(SolutionConfigurationPlatforms) = preSolution
		Debug|Any CPU = Debug|Any CPU
		Release|Any CPU = Release|Any CPU
	EndGlobalSection
	GlobalSection(ProjectConfigurationPlatforms) = postSolution
		{EA5F8D0B-1DA9-4962-97C2-4A7BE20FC3D1}.Debug|Any CPU.ActiveCfg = Debug|Any CPU
		{EA5F8D0B-1DA9-4962-97C2-4A7BE20FC3D1}.Debug|Any CPU.Build.0 = Debug|Any CPU
		{EA5F8D0B-1DA9-4962-97C2-4A7BE20FC3D1}.Release|Any CPU.ActiveCfg = Release|Any CPU
		{EA5F8D0B-1DA9-4962-97C2-4A7BE20FC3D1}.Release|Any CPU.Build.0 = Release|Any CPU
	EndGlobalSection
	GlobalSection(SolutionProperties) = preSolution
		HideSolutionNode = FALSE
	EndGlobalSection
	GlobalSection(ExtensibilityGlobals) = postSolution
		SolutionGuid = {4A8AB4F0-9561-4790-ADAA-4E2050122B6B}
	EndGlobalSection
EndGlobal
