
Microsoft Visual Studio Solution File, Format Version 12.00
# Visual Studio 15
VisualStudioVersion = 15.0.27703.2026
MinimumVisualStudioVersion = 10.0.40219.1
Project("{FAE04EC0-301F-11D3-BF4B-00C04F79EFBC}") = "Class11Demo", "Class11Demo\Class11Demo.csproj", "{9812B763-D12F-4CD9-ADA7-36A0129F8E60}"
EndProject
Global
	GlobalSection(SolutionConfigurationPlatforms) = preSolution
		Debug|Any CPU = Debug|Any CPU
		Release|Any CPU = Release|Any CPU
	EndGlobalSection
	GlobalSection(ProjectConfigurationPlatforms) = postSolution
		{9812B763-D12F-4CD9-ADA7-36A0129F8E60}.Debug|Any CPU.ActiveCfg = Debug|Any CPU
		{9812B763-D12F-4CD9-ADA7-36A0129F8E60}.Debug|Any CPU.Build.0 = Debug|Any CPU
		{9812B763-D12F-4CD9-ADA7-36A0129F8E60}.Release|Any CPU.ActiveCfg = Release|Any CPU
		{9812B763-D12F-4CD9-ADA7-36A0129F8E60}.Release|Any CPU.Build.0 = Release|Any CPU
	EndGlobalSection
	GlobalSection(SolutionProperties) = preSolution
		HideSolutionNode = FALSE
	EndGlobalSection
	GlobalSection(ExtensibilityGlobals) = postSolution
		SolutionGuid = {82AA29F0-03C6-4B08-965B-32CC013EAE2E}
	EndGlobalSection
EndGlobal
