
Microsoft Visual Studio Solution File, Format Version 12.00
# Visual Studio 15
VisualStudioVersion = 15.0.27703.2026
MinimumVisualStudioVersion = 10.0.40219.1
Project("{FAE04EC0-301F-11D3-BF4B-00C04F79EFBC}") = "Class07_Demo", "Class07_Demo\Class07_Demo.csproj", "{A676248A-945E-482A-BFED-7B8B032C891E}"
EndProject
Global
	GlobalSection(SolutionConfigurationPlatforms) = preSolution
		Debug|Any CPU = Debug|Any CPU
		Release|Any CPU = Release|Any CPU
	EndGlobalSection
	GlobalSection(ProjectConfigurationPlatforms) = postSolution
		{A676248A-945E-482A-BFED-7B8B032C891E}.Debug|Any CPU.ActiveCfg = Debug|Any CPU
		{A676248A-945E-482A-BFED-7B8B032C891E}.Debug|Any CPU.Build.0 = Debug|Any CPU
		{A676248A-945E-482A-BFED-7B8B032C891E}.Release|Any CPU.ActiveCfg = Release|Any CPU
		{A676248A-945E-482A-BFED-7B8B032C891E}.Release|Any CPU.Build.0 = Release|Any CPU
	EndGlobalSection
	GlobalSection(SolutionProperties) = preSolution
		HideSolutionNode = FALSE
	EndGlobalSection
	GlobalSection(ExtensibilityGlobals) = postSolution
		SolutionGuid = {346B687A-904A-49CB-8CAA-1D2856DB1D51}
	EndGlobalSection
EndGlobal
