
Microsoft Visual Studio Solution File, Format Version 12.00
# Visual Studio 15
VisualStudioVersion = 15.0.27703.2026
MinimumVisualStudioVersion = 10.0.40219.1
Project("{FAE04EC0-301F-11D3-BF4B-00C04F79EFBC}") = "Class09Demo", "Class09Demo\Class09Demo.csproj", "{46F840B4-DAE3-4A0B-B2B0-D3C67DE7F8B7}"
EndProject
Global
	GlobalSection(SolutionConfigurationPlatforms) = preSolution
		Debug|Any CPU = Debug|Any CPU
		Release|Any CPU = Release|Any CPU
	EndGlobalSection
	GlobalSection(ProjectConfigurationPlatforms) = postSolution
		{46F840B4-DAE3-4A0B-B2B0-D3C67DE7F8B7}.Debug|Any CPU.ActiveCfg = Debug|Any CPU
		{46F840B4-DAE3-4A0B-B2B0-D3C67DE7F8B7}.Debug|Any CPU.Build.0 = Debug|Any CPU
		{46F840B4-DAE3-4A0B-B2B0-D3C67DE7F8B7}.Release|Any CPU.ActiveCfg = Release|Any CPU
		{46F840B4-DAE3-4A0B-B2B0-D3C67DE7F8B7}.Release|Any CPU.Build.0 = Release|Any CPU
	EndGlobalSection
	GlobalSection(SolutionProperties) = preSolution
		HideSolutionNode = FALSE
	EndGlobalSection
	GlobalSection(ExtensibilityGlobals) = postSolution
		SolutionGuid = {E1C858DE-63E4-412D-BE36-CDDD22B99B50}
	EndGlobalSection
EndGlobal
