
Microsoft Visual Studio Solution File, Format Version 12.00
# Visual Studio 15
VisualStudioVersion = 15.0.27703.2035
MinimumVisualStudioVersion = 10.0.40219.1
Project("{FAE04EC0-301F-11D3-BF4B-00C04F79EFBC}") = "Cohort4ECommerce", "Cohort4ECommerce\Cohort4ECommerce.csproj", "{8E783D2E-7223-425A-85D4-F7EAA83DE15A}"
EndProject
Global
	GlobalSection(SolutionConfigurationPlatforms) = preSolution
		Debug|Any CPU = Debug|Any CPU
		Release|Any CPU = Release|Any CPU
	EndGlobalSection
	GlobalSection(ProjectConfigurationPlatforms) = postSolution
		{8E783D2E-7223-425A-85D4-F7EAA83DE15A}.Debug|Any CPU.ActiveCfg = Debug|Any CPU
		{8E783D2E-7223-425A-85D4-F7EAA83DE15A}.Debug|Any CPU.Build.0 = Debug|Any CPU
		{8E783D2E-7223-425A-85D4-F7EAA83DE15A}.Release|Any CPU.ActiveCfg = Release|Any CPU
		{8E783D2E-7223-425A-85D4-F7EAA83DE15A}.Release|Any CPU.Build.0 = Release|Any CPU
	EndGlobalSection
	GlobalSection(SolutionProperties) = preSolution
		HideSolutionNode = FALSE
	EndGlobalSection
	GlobalSection(ExtensibilityGlobals) = postSolution
		SolutionGuid = {C520692B-68CA-44EF-A34C-30D1EAFF1B27}
	EndGlobalSection
EndGlobal
