
Microsoft Visual Studio Solution File, Format Version 12.00
# Visual Studio 15
VisualStudioVersion = 15.0.27703.2026
MinimumVisualStudioVersion = 10.0.40219.1
Project("{FAE04EC0-301F-11D3-BF4B-00C04F79EFBC}") = "DemoClass13", "DemoClass13\DemoClass13.csproj", "{D0F5102F-104A-4574-8751-FE63D34F2E36}"
EndProject
Global
	GlobalSection(SolutionConfigurationPlatforms) = preSolution
		Debug|Any CPU = Debug|Any CPU
		Release|Any CPU = Release|Any CPU
	EndGlobalSection
	GlobalSection(ProjectConfigurationPlatforms) = postSolution
		{D0F5102F-104A-4574-8751-FE63D34F2E36}.Debug|Any CPU.ActiveCfg = Debug|Any CPU
		{D0F5102F-104A-4574-8751-FE63D34F2E36}.Debug|Any CPU.Build.0 = Debug|Any CPU
		{D0F5102F-104A-4574-8751-FE63D34F2E36}.Release|Any CPU.ActiveCfg = Release|Any CPU
		{D0F5102F-104A-4574-8751-FE63D34F2E36}.Release|Any CPU.Build.0 = Release|Any CPU
	EndGlobalSection
	GlobalSection(SolutionProperties) = preSolution
		HideSolutionNode = FALSE
	EndGlobalSection
	GlobalSection(ExtensibilityGlobals) = postSolution
		SolutionGuid = {6B5C536A-2B89-4E13-84F0-78B1A22FFE86}
	EndGlobalSection
EndGlobal
