
Microsoft Visual Studio Solution File, Format Version 12.00
# Visual Studio 15
VisualStudioVersion = 15.0.27703.2035
MinimumVisualStudioVersion = 10.0.40219.1
Project("{FAE04EC0-301F-11D3-BF4B-00C04F79EFBC}") = "BusMall", "BusMall\BusMall.csproj", "{CAF74D26-62C7-4231-8E1B-0F51975585A2}"
EndProject
Global
	GlobalSection(SolutionConfigurationPlatforms) = preSolution
		Debug|Any CPU = Debug|Any CPU
		Release|Any CPU = Release|Any CPU
	EndGlobalSection
	GlobalSection(ProjectConfigurationPlatforms) = postSolution
		{CAF74D26-62C7-4231-8E1B-0F51975585A2}.Debug|Any CPU.ActiveCfg = Debug|Any CPU
		{CAF74D26-62C7-4231-8E1B-0F51975585A2}.Debug|Any CPU.Build.0 = Debug|Any CPU
		{CAF74D26-62C7-4231-8E1B-0F51975585A2}.Release|Any CPU.ActiveCfg = Release|Any CPU
		{CAF74D26-62C7-4231-8E1B-0F51975585A2}.Release|Any CPU.Build.0 = Release|Any CPU
	EndGlobalSection
	GlobalSection(SolutionProperties) = preSolution
		HideSolutionNode = FALSE
	EndGlobalSection
	GlobalSection(ExtensibilityGlobals) = postSolution
		SolutionGuid = {949627C6-ACE6-4A78-AD0C-8F9AF658B923}
	EndGlobalSection
EndGlobal
