
Microsoft Visual Studio Solution File, Format Version 12.00
# Visual Studio 15
VisualStudioVersion = 15.0.27703.2026
MinimumVisualStudioVersion = 10.0.40219.1
Project("{9A19103F-16F7-4668-BE54-9A1E7A4F7556}") = "DemoClass14", "DemoClass14\DemoClass14.csproj", "{7799B699-F99B-48DC-9EFA-6A9FBCE2BB56}"
EndProject
Project("{FAE04EC0-301F-11D3-BF4B-00C04F79EFBC}") = "Demo14Tests", "Demo14Tests\Demo14Tests.csproj", "{91D0B2F9-A3E6-4303-B003-258A69C444D3}"
EndProject
Global
	GlobalSection(SolutionConfigurationPlatforms) = preSolution
		Debug|Any CPU = Debug|Any CPU
		Release|Any CPU = Release|Any CPU
	EndGlobalSection
	GlobalSection(ProjectConfigurationPlatforms) = postSolution
		{7799B699-F99B-48DC-9EFA-6A9FBCE2BB56}.Debug|Any CPU.ActiveCfg = Debug|Any CPU
		{7799B699-F99B-48DC-9EFA-6A9FBCE2BB56}.Debug|Any CPU.Build.0 = Debug|Any CPU
		{7799B699-F99B-48DC-9EFA-6A9FBCE2BB56}.Release|Any CPU.ActiveCfg = Release|Any CPU
		{7799B699-F99B-48DC-9EFA-6A9FBCE2BB56}.Release|Any CPU.Build.0 = Release|Any CPU
		{91D0B2F9-A3E6-4303-B003-258A69C444D3}.Debug|Any CPU.ActiveCfg = Debug|Any CPU
		{91D0B2F9-A3E6-4303-B003-258A69C444D3}.Debug|Any CPU.Build.0 = Debug|Any CPU
		{91D0B2F9-A3E6-4303-B003-258A69C444D3}.Release|Any CPU.ActiveCfg = Release|Any CPU
		{91D0B2F9-A3E6-4303-B003-258A69C444D3}.Release|Any CPU.Build.0 = Release|Any CPU
	EndGlobalSection
	GlobalSection(SolutionProperties) = preSolution
		HideSolutionNode = FALSE
	EndGlobalSection
	GlobalSection(ExtensibilityGlobals) = postSolution
		SolutionGuid = {A5C8E454-A9AF-493A-8C28-994F6C1C93A4}
	EndGlobalSection
EndGlobal
